// !$*UTF8*$!
{
	archiveVersion = 1;
	classes = {
	};
	objectVersion = 56;
	objects = {

/* Begin PBXBuildFile section */
		A09168C82AB61F2200B1052A /* MarvelComicsApp.swift in Sources */ = {isa = PBXBuildFile; fileRef = A09168C72AB61F2200B1052A /* MarvelComicsApp.swift */; };
		A09168CA2AB61F2200B1052A /* ContentView.swift in Sources */ = {isa = PBXBuildFile; fileRef = A09168C92AB61F2200B1052A /* ContentView.swift */; };
		A09168CC2AB61F2400B1052A /* Assets.xcassets in Resources */ = {isa = PBXBuildFile; fileRef = A09168CB2AB61F2400B1052A /* Assets.xcassets */; };
		A09168CF2AB61F2400B1052A /* Preview Assets.xcassets in Resources */ = {isa = PBXBuildFile; fileRef = A09168CE2AB61F2400B1052A /* Preview Assets.xcassets */; };
		A09168D72AB61F5F00B1052A /* SDWebImageSwiftUI in Frameworks */ = {isa = PBXBuildFile; productRef = A09168D62AB61F5F00B1052A /* SDWebImageSwiftUI */; };
		A09168D92AB6202500B1052A /* MarvelAPIKeys.swift in Sources */ = {isa = PBXBuildFile; fileRef = A09168D82AB6202500B1052A /* MarvelAPIKeys.swift */; };
		A09168DF2AB6229300B1052A /* Home.swift in Sources */ = {isa = PBXBuildFile; fileRef = A09168DE2AB6229300B1052A /* Home.swift */; };
		A09168E12AB6232B00B1052A /* HomeViewModel.swift in Sources */ = {isa = PBXBuildFile; fileRef = A09168E02AB6232B00B1052A /* HomeViewModel.swift */; };
		A09168E32AB6239500B1052A /* CharactersView.swift in Sources */ = {isa = PBXBuildFile; fileRef = A09168E22AB6239500B1052A /* CharactersView.swift */; };
		A09168E52AB6273500B1052A /* CharacterModel.swift in Sources */ = {isa = PBXBuildFile; fileRef = A09168E42AB6273500B1052A /* CharacterModel.swift */; };
		A09168E82AB632DF00B1052A /* WebView.swift in Sources */ = {isa = PBXBuildFile; fileRef = A09168E72AB632DF00B1052A /* WebView.swift */; };
		A09168EA2AB6362900B1052A /* ComicView.swift in Sources */ = {isa = PBXBuildFile; fileRef = A09168E92AB6362900B1052A /* ComicView.swift */; };
		A09168EC2AB6363F00B1052A /* ComicModel.swift in Sources */ = {isa = PBXBuildFile; fileRef = A09168EB2AB6363F00B1052A /* ComicModel.swift */; };
/* End PBXBuildFile section */

/* Begin PBXFileReference section */
		A09168C42AB61F2200B1052A /* MarvelComics.app */ = {isa = PBXFileReference; explicitFileType = wrapper.application; includeInIndex = 0; path = MarvelComics.app; sourceTree = BUILT_PRODUCTS_DIR; };
		A09168C72AB61F2200B1052A /* MarvelComicsApp.swift */ = {isa = PBXFileReference; lastKnownFileType = sourcecode.swift; path = MarvelComicsApp.swift; sourceTree = "<group>"; };
		A09168C92AB61F2200B1052A /* ContentView.swift */ = {isa = PBXFileReference; lastKnownFileType = sourcecode.swift; path = ContentView.swift; sourceTree = "<group>"; };
		A09168CB2AB61F2400B1052A /* Assets.xcassets */ = {isa = PBXFileReference; lastKnownFileType = folder.assetcatalog; path = Assets.xcassets; sourceTree = "<group>"; };
		A09168CE2AB61F2400B1052A /* Preview Assets.xcassets */ = {isa = PBXFileReference; lastKnownFileType = folder.assetcatalog; path = "Preview Assets.xcassets"; sourceTree = "<group>"; };
		A09168D82AB6202500B1052A /* MarvelAPIKeys.swift */ = {isa = PBXFileReference; lastKnownFileType = sourcecode.swift; path = MarvelAPIKeys.swift; sourceTree = "<group>"; };
		A09168DE2AB6229300B1052A /* Home.swift */ = {isa = PBXFileReference; lastKnownFileType = sourcecode.swift; path = Home.swift; sourceTree = "<group>"; };
		A09168E02AB6232B00B1052A /* HomeViewModel.swift */ = {isa = PBXFileReference; lastKnownFileType = sourcecode.swift; path = HomeViewModel.swift; sourceTree = "<group>"; };
		A09168E22AB6239500B1052A /* CharactersView.swift */ = {isa = PBXFileReference; lastKnownFileType = sourcecode.swift; path = CharactersView.swift; sourceTree = "<group>"; };
		A09168E42AB6273500B1052A /* CharacterModel.swift */ = {isa = PBXFileReference; lastKnownFileType = sourcecode.swift; path = CharacterModel.swift; sourceTree = "<group>"; };
		A09168E62AB6326B00B1052A /* Info.plist */ = {isa = PBXFileReference; lastKnownFileType = text.plist; path = Info.plist; sourceTree = "<group>"; };
		A09168E72AB632DF00B1052A /* WebView.swift */ = {isa = PBXFileReference; lastKnownFileType = sourcecode.swift; path = WebView.swift; sourceTree = "<group>"; };
		A09168E92AB6362900B1052A /* ComicView.swift */ = {isa = PBXFileReference; lastKnownFileType = sourcecode.swift; path = ComicView.swift; sourceTree = "<group>"; };
		A09168EB2AB6363F00B1052A /* ComicModel.swift */ = {isa = PBXFileReference; lastKnownFileType = sourcecode.swift; path = ComicModel.swift; sourceTree = "<group>"; };
/* End PBXFileReference section */

/* Begin PBXFrameworksBuildPhase section */
		A09168C12AB61F2200B1052A /* Frameworks */ = {
			isa = PBXFrameworksBuildPhase;
			buildActionMask = 2147483647;
			files = (
				A09168D72AB61F5F00B1052A /* SDWebImageSwiftUI in Frameworks */,
			);
			runOnlyForDeploymentPostprocessing = 0;
		};
/* End PBXFrameworksBuildPhase section */

/* Begin PBXGroup section */
		A09168BB2AB61F2200B1052A = {
			isa = PBXGroup;
			children = (
				A09168C62AB61F2200B1052A /* MarvelComics */,
				A09168C52AB61F2200B1052A /* Products */,
			);
			sourceTree = "<group>";
		};
		A09168C52AB61F2200B1052A /* Products */ = {
			isa = PBXGroup;
			children = (
				A09168C42AB61F2200B1052A /* MarvelComics.app */,
			);
			name = Products;
			sourceTree = "<group>";
		};
		A09168C62AB61F2200B1052A /* MarvelComics */ = {
			isa = PBXGroup;
			children = (
				A09168E62AB6326B00B1052A /* Info.plist */,
				A09168DB2AB6225100B1052A /* Models */,
				A09168DA2AB6224B00B1052A /* Views */,
				A09168DC2AB6225800B1052A /* ViewModels */,
				A09168C72AB61F2200B1052A /* MarvelComicsApp.swift */,
				A09168C92AB61F2200B1052A /* ContentView.swift */,
				A09168D82AB6202500B1052A /* MarvelAPIKeys.swift */,
				A09168CB2AB61F2400B1052A /* Assets.xcassets */,
				A09168CD2AB61F2400B1052A /* Preview Content */,
			);
			path = MarvelComics;
			sourceTree = "<group>";
		};
		A09168CD2AB61F2400B1052A /* Preview Content */ = {
			isa = PBXGroup;
			children = (
				A09168CE2AB61F2400B1052A /* Preview Assets.xcassets */,
			);
			path = "Preview Content";
			sourceTree = "<group>";
		};
		A09168DA2AB6224B00B1052A /* Views */ = {
			isa = PBXGroup;
			children = (
				A09168DE2AB6229300B1052A /* Home.swift */,
				A09168E22AB6239500B1052A /* CharactersView.swift */,
				A09168E72AB632DF00B1052A /* WebView.swift */,
				A09168E92AB6362900B1052A /* ComicView.swift */,
			);
			path = Views;
			sourceTree = "<group>";
		};
		A09168DB2AB6225100B1052A /* Models */ = {
			isa = PBXGroup;
			children = (
				A09168E42AB6273500B1052A /* CharacterModel.swift */,
				A09168EB2AB6363F00B1052A /* ComicModel.swift */,
			);
			path = Models;
			sourceTree = "<group>";
		};
		A09168DC2AB6225800B1052A /* ViewModels */ = {
			isa = PBXGroup;
			children = (
				A09168E02AB6232B00B1052A /* HomeViewModel.swift */,
			);
			path = ViewModels;
			sourceTree = "<group>";
		};
/* End PBXGroup section */

/* Begin PBXNativeTarget section */
		A09168C32AB61F2200B1052A /* MarvelComics */ = {
			isa = PBXNativeTarget;
			buildConfigurationList = A09168D22AB61F2400B1052A /* Build configuration list for PBXNativeTarget "MarvelComics" */;
			buildPhases = (
				A09168C02AB61F2200B1052A /* Sources */,
				A09168C12AB61F2200B1052A /* Frameworks */,
				A09168C22AB61F2200B1052A /* Resources */,
			);
			buildRules = (
			);
			dependencies = (
			);
			name = MarvelComics;
			packageProductDependencies = (
				A09168D62AB61F5F00B1052A /* SDWebImageSwiftUI */,
			);
			productName = MarvelComics;
			productReference = A09168C42AB61F2200B1052A /* MarvelComics.app */;
			productType = "com.apple.product-type.application";
		};
/* End PBXNativeTarget section */

/* Begin PBXProject section */
		A09168BC2AB61F2200B1052A /* Project object */ = {
			isa = PBXProject;
			attributes = {
				BuildIndependentTargetsInParallel = 1;
				LastSwiftUpdateCheck = 1430;
				LastUpgradeCheck = 1430;
				TargetAttributes = {
					A09168C32AB61F2200B1052A = {
						CreatedOnToolsVersion = 14.3.1;
					};
				};
			};
			buildConfigurationList = A09168BF2AB61F2200B1052A /* Build configuration list for PBXProject "MarvelComics" */;
			compatibilityVersion = "Xcode 14.0";
			developmentRegion = en;
			hasScannedForEncodings = 0;
			knownRegions = (
				en,
				Base,
			);
			mainGroup = A09168BB2AB61F2200B1052A;
			packageReferences = (
				A09168D52AB61F5F00B1052A /* XCRemoteSwiftPackageReference "SDWebImageSwiftUI" */,
			);
			productRefGroup = A09168C52AB61F2200B1052A /* Products */;
			projectDirPath = "";
			projectRoot = "";
			targets = (
				A09168C32AB61F2200B1052A /* MarvelComics */,
			);
		};
/* End PBXProject section */

/* Begin PBXResourcesBuildPhase section */
		A09168C22AB61F2200B1052A /* Resources */ = {
			isa = PBXResourcesBuildPhase;
			buildActionMask = 2147483647;
			files = (
				A09168CF2AB61F2400B1052A /* Preview Assets.xcassets in Resources */,
				A09168CC2AB61F2400B1052A /* Assets.xcassets in Resources */,
			);
			runOnlyForDeploymentPostprocessing = 0;
		};
/* End PBXResourcesBuildPhase section */

/* Begin PBXSourcesBuildPhase section */
		A09168C02AB61F2200B1052A /* Sources */ = {
			isa = PBXSourcesBuildPhase;
			buildActionMask = 2147483647;
			files = (
				A09168CA2AB61F2200B1052A /* ContentView.swift in Sources */,
				A09168E82AB632DF00B1052A /* WebView.swift in Sources */,
				A09168C82AB61F2200B1052A /* MarvelComicsApp.swift in Sources */,
				A09168EC2AB6363F00B1052A /* ComicModel.swift in Sources */,
				A09168E32AB6239500B1052A /* CharactersView.swift in Sources */,
				A09168DF2AB6229300B1052A /* Home.swift in Sources */,
				A09168E12AB6232B00B1052A /* HomeViewModel.swift in Sources */,
				A09168E52AB6273500B1052A /* CharacterModel.swift in Sources */,
				A09168EA2AB6362900B1052A /* ComicView.swift in Sources */,
				A09168D92AB6202500B1052A /* MarvelAPIKeys.swift in Sources */,
			);
			runOnlyForDeploymentPostprocessing = 0;
		};
/* End PBXSourcesBuildPhase section */

/* Begin XCBuildConfiguration section */
		A09168D02AB61F2400B1052A /* Debug */ = {
			isa = XCBuildConfiguration;
			buildSettings = {
				ALWAYS_SEARCH_USER_PATHS = NO;
				CLANG_ANALYZER_NONNULL = YES;
				CLANG_ANALYZER_NUMBER_OBJECT_CONVERSION = YES_AGGRESSIVE;
				CLANG_CXX_LANGUAGE_STANDARD = "gnu++20";
				CLANG_ENABLE_MODULES = YES;
				CLANG_ENABLE_OBJC_ARC = YES;
				CLANG_ENABLE_OBJC_WEAK = YES;
				CLANG_WARN_BLOCK_CAPTURE_AUTORELEASING = YES;
				CLANG_WARN_BOOL_CONVERSION = YES;
				CLANG_WARN_COMMA = YES;
				CLANG_WARN_CONSTANT_CONVERSION = YES;
				CLANG_WARN_DEPRECATED_OBJC_IMPLEMENTATIONS = YES;
				CLANG_WARN_DIRECT_OBJC_ISA_USAGE = YES_ERROR;
				CLANG_WARN_DOCUMENTATION_COMMENTS = YES;
				CLANG_WARN_EMPTY_BODY = YES;
				CLANG_WARN_ENUM_CONVERSION = YES;
				CLANG_WARN_INFINITE_RECURSION = YES;
				CLANG_WARN_INT_CONVERSION = YES;
				CLANG_WARN_NON_LITERAL_NULL_CONVERSION = YES;
				CLANG_WARN_OBJC_IMPLICIT_RETAIN_SELF = YES;
				CLANG_WARN_OBJC_LITERAL_CONVERSION = YES;
				CLANG_WARN_OBJC_ROOT_CLASS = YES_ERROR;
				CLANG_WARN_QUOTED_INCLUDE_IN_FRAMEWORK_HEADER = YES;
				CLANG_WARN_RANGE_LOOP_ANALYSIS = YES;
				CLANG_WARN_STRICT_PROTOTYPES = YES;
				CLANG_WARN_SUSPICIOUS_MOVE = YES;
				CLANG_WARN_UNGUARDED_AVAILABILITY = YES_AGGRESSIVE;
				CLANG_WARN_UNREACHABLE_CODE = YES;
				CLANG_WARN__DUPLICATE_METHOD_MATCH = YES;
				COPY_PHASE_STRIP = NO;
				DEBUG_INFORMATION_FORMAT = dwarf;
				ENABLE_STRICT_OBJC_MSGSEND = YES;
				ENABLE_TESTABILITY = YES;
				GCC_C_LANGUAGE_STANDARD = gnu11;
				GCC_DYNAMIC_NO_PIC = NO;
				GCC_NO_COMMON_BLOCKS = YES;
				GCC_OPTIMIZATION_LEVEL = 0;
				GCC_PREPROCESSOR_DEFINITIONS = (
					"DEBUG=1",
					"$(inherited)",
				);
				GCC_WARN_64_TO_32_BIT_CONVERSION = YES;
				GCC_WARN_ABOUT_RETURN_TYPE = YES_ERROR;
				GCC_WARN_UNDECLARED_SELECTOR = YES;
				GCC_WARN_UNINITIALIZED_AUTOS = YES_AGGRESSIVE;
				GCC_WARN_UNUSED_FUNCTION = YES;
				GCC_WARN_UNUSED_VARIABLE = YES;
				IPHONEOS_DEPLOYMENT_TARGET = 16.4;
				MTL_ENABLE_DEBUG_INFO = INCLUDE_SOURCE;
				MTL_FAST_MATH = YES;
				ONLY_ACTIVE_ARCH = YES;
				SDKROOT = iphoneos;
				SWIFT_ACTIVE_COMPILATION_CONDITIONS = DEBUG;
				SWIFT_OPTIMIZATION_LEVEL = "-Onone";
			};
			name = Debug;
		};
		A09168D12AB61F2400B1052A /* Release */ = {
			isa = XCBuildConfiguration;
			buildSettings = {
				ALWAYS_SEARCH_USER_PATHS = NO;
				CLANG_ANALYZER_NONNULL = YES;
				CLANG_ANALYZER_NUMBER_OBJECT_CONVERSION = YES_AGGRESSIVE;
				CLANG_CXX_LANGUAGE_STANDARD = "gnu++20";
				CLANG_ENABLE_MODULES = YES;
				CLANG_ENABLE_OBJC_ARC = YES;
				CLANG_ENABLE_OBJC_WEAK = YES;
				CLANG_WARN_BLOCK_CAPTURE_AUTORELEASING = YES;
				CLANG_WARN_BOOL_CONVERSION = YES;
				CLANG_WARN_COMMA = YES;
				CLANG_WARN_CONSTANT_CONVERSION = YES;
				CLANG_WARN_DEPRECATED_OBJC_IMPLEMENTATIONS = YES;
				CLANG_WARN_DIRECT_OBJC_ISA_USAGE = YES_ERROR;
				CLANG_WARN_DOCUMENTATION_COMMENTS = YES;
				CLANG_WARN_EMPTY_BODY = YES;
				CLANG_WARN_ENUM_CONVERSION = YES;
				CLANG_WARN_INFINITE_RECURSION = YES;
				CLANG_WARN_INT_CONVERSION = YES;
				CLANG_WARN_NON_LITERAL_NULL_CONVERSION = YES;
				CLANG_WARN_OBJC_IMPLICIT_RETAIN_SELF = YES;
				CLANG_WARN_OBJC_LITERAL_CONVERSION = YES;
				CLANG_WARN_OBJC_ROOT_CLASS = YES_ERROR;
				CLANG_WARN_QUOTED_INCLUDE_IN_FRAMEWORK_HEADER = YES;
				CLANG_WARN_RANGE_LOOP_ANALYSIS = YES;
				CLANG_WARN_STRICT_PROTOTYPES = YES;
				CLANG_WARN_SUSPICIOUS_MOVE = YES;
				CLANG_WARN_UNGUARDED_AVAILABILITY = YES_AGGRESSIVE;
				CLANG_WARN_UNREACHABLE_CODE = YES;
				CLANG_WARN__DUPLICATE_METHOD_MATCH = YES;
				COPY_PHASE_STRIP = NO;
				DEBUG_INFORMATION_FORMAT = "dwarf-with-dsym";
				ENABLE_NS_ASSERTIONS = NO;
				ENABLE_STRICT_OBJC_MSGSEND = YES;
				GCC_C_LANGUAGE_STANDARD = gnu11;
				GCC_NO_COMMON_BLOCKS = YES;
				GCC_WARN_64_TO_32_BIT_CONVERSION = YES;
				GCC_WARN_ABOUT_RETURN_TYPE = YES_ERROR;
				GCC_WARN_UNDECLARED_SELECTOR = YES;
				GCC_WARN_UNINITIALIZED_AUTOS = YES_AGGRESSIVE;
				GCC_WARN_UNUSED_FUNCTION = YES;
				GCC_WARN_UNUSED_VARIABLE = YES;
				IPHONEOS_DEPLOYMENT_TARGET = 16.4;
				MTL_ENABLE_DEBUG_INFO = NO;
				MTL_FAST_MATH = YES;
				SDKROOT = iphoneos;
				SWIFT_COMPILATION_MODE = wholemodule;
				SWIFT_OPTIMIZATION_LEVEL = "-O";
				VALIDATE_PRODUCT = YES;
			};
			name = Release;
		};
		A09168D32AB61F2400B1052A /* Debug */ = {
			isa = XCBuildConfiguration;
			buildSettings = {
				ASSETCATALOG_COMPILER_APPICON_NAME = AppIcon;
				ASSETCATALOG_COMPILER_GLOBAL_ACCENT_COLOR_NAME = AccentColor;
				CODE_SIGN_STYLE = Automatic;
				CURRENT_PROJECT_VERSION = 1;
				DEVELOPMENT_ASSET_PATHS = "\"MarvelComics/Preview Content\"";
				DEVELOPMENT_TEAM = J2TT6HQZJW;
				ENABLE_PREVIEWS = YES;
				GENERATE_INFOPLIST_FILE = YES;
				INFOPLIST_FILE = MarvelComics/Info.plist;
				INFOPLIST_KEY_UIApplicationSceneManifest_Generation = YES;
				INFOPLIST_KEY_UIApplicationSupportsIndirectInputEvents = YES;
				INFOPLIST_KEY_UILaunchScreen_Generation = YES;
				INFOPLIST_KEY_UISupportedInterfaceOrientations_iPad = "UIInterfaceOrientationPortrait UIInterfaceOrientationPortraitUpsideDown UIInterfaceOrientationLandscapeLeft UIInterfaceOrientationLandscapeRight";
				INFOPLIST_KEY_UISupportedInterfaceOrientations_iPhone = "UIInterfaceOrientationPortrait UIInterfaceOrientationLandscapeLeft UIInterfaceOrientationLandscapeRight";
				LD_RUNPATH_SEARCH_PATHS = (
					"$(inherited)",
					"@executable_path/Frameworks",
				);
				MARKETING_VERSION = 1.0;
				PRODUCT_BUNDLE_IDENTIFIER = com.MarvelComics;
				PRODUCT_NAME = "$(TARGET_NAME)";
				SWIFT_EMIT_LOC_STRINGS = YES;
				SWIFT_VERSION = 5.0;
				TARGETED_DEVICE_FAMILY = "1,2";
			};
			name = Debug;
		};
		A09168D42AB61F2400B1052A /* Release */ = {
			isa = XCBuildConfiguration;
			buildSettings = {
				ASSETCATALOG_COMPILER_APPICON_NAME = AppIcon;
				ASSETCATALOG_COMPILER_GLOBAL_ACCENT_COLOR_NAME = AccentColor;
				CODE_SIGN_STYLE = Automatic;
				CURRENT_PROJECT_VERSION = 1;
				DEVELOPMENT_ASSET_PATHS = "\"MarvelComics/Preview Content\"";
				DEVELOPMENT_TEAM = J2TT6HQZJW;
				ENABLE_PREVIEWS = YES;
				GENERATE_INFOPLIST_FILE = YES;
				INFOPLIST_FILE = MarvelComics/Info.plist;
				INFOPLIST_KEY_UIApplicationSceneManifest_Generation = YES;
				INFOPLIST_KEY_UIApplicationSupportsIndirectInputEvents = YES;
				INFOPLIST_KEY_UILaunchScreen_Generation = YES;
				INFOPLIST_KEY_UISupportedInterfaceOrientations_iPad = "UIInterfaceOrientationPortrait UIInterfaceOrientationPortraitUpsideDown UIInterfaceOrientationLandscapeLeft UIInterfaceOrientationLandscapeRight";
				INFOPLIST_KEY_UISupportedInterfaceOrientations_iPhone = "UIInterfaceOrientationPortrait UIInterfaceOrientationLandscapeLeft UIInterfaceOrientationLandscapeRight";
				LD_RUNPATH_SEARCH_PATHS = (
					"$(inherited)",
					"@executable_path/Frameworks",
				);
				MARKETING_VERSION = 1.0;
				PRODUCT_BUNDLE_IDENTIFIER = com.MarvelComics;
				PRODUCT_NAME = "$(TARGET_NAME)";
				SWIFT_EMIT_LOC_STRINGS = YES;
				SWIFT_VERSION = 5.0;
				TARGETED_DEVICE_FAMILY = "1,2";
			};
			name = Release;
		};
/* End XCBuildConfiguration section */

/* Begin XCConfigurationList section */
		A09168BF2AB61F2200B1052A /* Build configuration list for PBXProject "MarvelComics" */ = {
			isa = XCConfigurationList;
			buildConfigurations = (
				A09168D02AB61F2400B1052A /* Debug */,
				A09168D12AB61F2400B1052A /* Release */,
			);
			defaultConfigurationIsVisible = 0;
			defaultConfigurationName = Release;
		};
		A09168D22AB61F2400B1052A /* Build configuration list for PBXNativeTarget "MarvelComics" */ = {
			isa = XCConfigurationList;
			buildConfigurations = (
				A09168D32AB61F2400B1052A /* Debug */,
				A09168D42AB61F2400B1052A /* Release */,
			);
			defaultConfigurationIsVisible = 0;
			defaultConfigurationName = Release;
		};
/* End XCConfigurationList section */

/* Begin XCRemoteSwiftPackageReference section */
		A09168D52AB61F5F00B1052A /* XCRemoteSwiftPackageReference "SDWebImageSwiftUI" */ = {
			isa = XCRemoteSwiftPackageReference;
			repositoryURL = "https://github.com/SDWebImage/SDWebImageSwiftUI.git";
			requirement = {
				kind = upToNextMajorVersion;
				minimumVersion = 2.0.0;
			};
		};
/* End XCRemoteSwiftPackageReference section */

/* Begin XCSwiftPackageProductDependency section */
		A09168D62AB61F5F00B1052A /* SDWebImageSwiftUI */ = {
			isa = XCSwiftPackageProductDependency;
			package = A09168D52AB61F5F00B1052A /* XCRemoteSwiftPackageReference "SDWebImageSwiftUI" */;
			productName = SDWebImageSwiftUI;
		};
/* End XCSwiftPackageProductDependency section */
	};
	rootObject = A09168BC2AB61F2200B1052A /* Project object */;
}
